
Microsoft Visual Studio Solution File, Format Version 12.00
# Visual Studio Version 17
VisualStudioVersion = 17.0.32014.148
MinimumVisualStudioVersion = 10.0.40219.1
Project("{FAE04EC0-301F-11D3-BF4B-00C04F79EFBC}") = "ND Prekes Apsipirkimas Israsas Cekis Email", "ND Prekes Apsipirkimas Israsas Cekis Email\ND Prekes Apsipirkimas Israsas Cekis Email.csproj", "{4FFC5832-85BF-4415-9356-84797CCBEBAE}"
EndProject
Global
	GlobalSection(SolutionConfigurationPlatforms) = preSolution
		Debug|Any CPU = Debug|Any CPU
		Release|Any CPU = Release|Any CPU
	EndGlobalSection
	GlobalSection(ProjectConfigurationPlatforms) = postSolution
		{4FFC5832-85BF-4415-9356-84797CCBEBAE}.Debug|Any CPU.ActiveCfg = Debug|Any CPU
		{4FFC5832-85BF-4415-9356-84797CCBEBAE}.Debug|Any CPU.Build.0 = Debug|Any CPU
		{4FFC5832-85BF-4415-9356-84797CCBEBAE}.Release|Any CPU.ActiveCfg = Release|Any CPU
		{4FFC5832-85BF-4415-9356-84797CCBEBAE}.Release|Any CPU.Build.0 = Release|Any CPU
	EndGlobalSection
	GlobalSection(SolutionProperties) = preSolution
		HideSolutionNode = FALSE
	EndGlobalSection
	GlobalSection(ExtensibilityGlobals) = postSolution
		SolutionGuid = {923A103C-B4A7-4B98-8543-E172833BBD44}
	EndGlobalSection
EndGlobal
